
Microsoft Visual Studio Solution File, Format Version 12.00
# Visual Studio Version 16
VisualStudioVersion = 16.0.29009.5
MinimumVisualStudioVersion = 10.0.40219.1
Project("{2150E333-8FDC-42A3-9474-1A3956D46DE8}") = "Application", "Application", "{7D37F5BA-1303-4C07-96E7-5ED678EE8091}"
EndProject
Project("{2150E333-8FDC-42A3-9474-1A3956D46DE8}") = "Domain", "Domain", "{185F6676-52E4-493E-96EF-CDCFABD9827C}"
EndProject
Project("{2150E333-8FDC-42A3-9474-1A3956D46DE8}") = "Infra.IoC", "Infra.IoC", "{FA83172E-6E59-40BB-9E7A-1BAD742ED018}"
EndProject
Project("{2150E333-8FDC-42A3-9474-1A3956D46DE8}") = "Infra.Data", "Infra.Data", "{EE93CCA6-0A61-4639-92EE-57FEC75B70A6}"
EndProject
Project("{2150E333-8FDC-42A3-9474-1A3956D46DE8}") = "Presentation", "Presentation", "{606CCBBA-DC53-4A10-8405-FCC706F8BB05}"
EndProject
Project("{FAE04EC0-301F-11D3-BF4B-00C04F79EFBC}") = "CleanArch.Mvc", "CleanArch.Mvc\CleanArch.Mvc.csproj", "{F198B40A-5AD7-41B0-9A8C-5BA52B2A3CD8}"
EndProject
Project("{FAE04EC0-301F-11D3-BF4B-00C04F79EFBC}") = "CleanArch.Domain", "CleanArch.Domain\CleanArch.Domain\CleanArch.Domain.csproj", "{FD6A966F-F057-4D73-A62B-74F3928BD960}"
EndProject
Project("{FAE04EC0-301F-11D3-BF4B-00C04F79EFBC}") = "CleanArch.Infra.Data", "CleanArch.Infra.Data\CleanArch.Infra.Data.csproj", "{4AB29204-6A2C-40D8-B601-C18F4C9FF5D5}"
EndProject
Global
	GlobalSection(SolutionConfigurationPlatforms) = preSolution
		Debug|Any CPU = Debug|Any CPU
		Release|Any CPU = Release|Any CPU
	EndGlobalSection
	GlobalSection(ProjectConfigurationPlatforms) = postSolution
		{F198B40A-5AD7-41B0-9A8C-5BA52B2A3CD8}.Debug|Any CPU.ActiveCfg = Debug|Any CPU
		{F198B40A-5AD7-41B0-9A8C-5BA52B2A3CD8}.Debug|Any CPU.Build.0 = Debug|Any CPU
		{F198B40A-5AD7-41B0-9A8C-5BA52B2A3CD8}.Release|Any CPU.ActiveCfg = Release|Any CPU
		{F198B40A-5AD7-41B0-9A8C-5BA52B2A3CD8}.Release|Any CPU.Build.0 = Release|Any CPU
		{FD6A966F-F057-4D73-A62B-74F3928BD960}.Debug|Any CPU.ActiveCfg = Debug|Any CPU
		{FD6A966F-F057-4D73-A62B-74F3928BD960}.Debug|Any CPU.Build.0 = Debug|Any CPU
		{FD6A966F-F057-4D73-A62B-74F3928BD960}.Release|Any CPU.ActiveCfg = Release|Any CPU
		{FD6A966F-F057-4D73-A62B-74F3928BD960}.Release|Any CPU.Build.0 = Release|Any CPU
		{4AB29204-6A2C-40D8-B601-C18F4C9FF5D5}.Debug|Any CPU.ActiveCfg = Debug|Any CPU
		{4AB29204-6A2C-40D8-B601-C18F4C9FF5D5}.Debug|Any CPU.Build.0 = Debug|Any CPU
		{4AB29204-6A2C-40D8-B601-C18F4C9FF5D5}.Release|Any CPU.ActiveCfg = Release|Any CPU
		{4AB29204-6A2C-40D8-B601-C18F4C9FF5D5}.Release|Any CPU.Build.0 = Release|Any CPU
	EndGlobalSection
	GlobalSection(SolutionProperties) = preSolution
		HideSolutionNode = FALSE
	EndGlobalSection
	GlobalSection(NestedProjects) = preSolution
		{F198B40A-5AD7-41B0-9A8C-5BA52B2A3CD8} = {606CCBBA-DC53-4A10-8405-FCC706F8BB05}
		{FD6A966F-F057-4D73-A62B-74F3928BD960} = {185F6676-52E4-493E-96EF-CDCFABD9827C}
		{4AB29204-6A2C-40D8-B601-C18F4C9FF5D5} = {EE93CCA6-0A61-4639-92EE-57FEC75B70A6}
	EndGlobalSection
	GlobalSection(ExtensibilityGlobals) = postSolution
		SolutionGuid = {479CAB9C-DFB4-4201-A4A9-324788F6DEFC}
	EndGlobalSection
EndGlobal
